
Microsoft Visual Studio Solution File, Format Version 12.00
# Visual Studio 15
VisualStudioVersion = 15.0.27004.2002
MinimumVisualStudioVersion = 10.0.40219.1
Project("{FAE04EC0-301F-11D3-BF4B-00C04F79EFBC}") = "WindowsFormsApp1", "WindowsFormsApp1\WindowsFormsApp1.csproj", "{01E175F0-7444-45E2-9399-5FD3498F5BAC}"
EndProject
Global
	GlobalSection(SolutionConfigurationPlatforms) = preSolution
		Debug|Any CPU = Debug|Any CPU
		Release|Any CPU = Release|Any CPU
	EndGlobalSection
	GlobalSection(ProjectConfigurationPlatforms) = postSolution
		{01E175F0-7444-45E2-9399-5FD3498F5BAC}.Debug|Any CPU.ActiveCfg = Debug|Any CPU
		{01E175F0-7444-45E2-9399-5FD3498F5BAC}.Debug|Any CPU.Build.0 = Debug|Any CPU
		{01E175F0-7444-45E2-9399-5FD3498F5BAC}.Release|Any CPU.ActiveCfg = Release|Any CPU
		{01E175F0-7444-45E2-9399-5FD3498F5BAC}.Release|Any CPU.Build.0 = Release|Any CPU
	EndGlobalSection
	GlobalSection(SolutionProperties) = preSolution
		HideSolutionNode = FALSE
	EndGlobalSection
	GlobalSection(ExtensibilityGlobals) = postSolution
		SolutionGuid = {644E7976-11DF-4033-9A94-DFBB3FAE2D70}
	EndGlobalSection
EndGlobal
